auditwheel==6.2.0
    # via -r requirements/kit.in
bashlex==0.18
    # via cibuildwheel
bracex==2.5.post1
    # via cibuildwheel
build==1.2.2.post1
    # via -r requirements/kit.in
certifi==2024.12.14
    # via cibuildwheel
cibuildwheel==2.22.0
    # via -r requirements/kit.in
dependency-groups==1.3.0
    # via cibuildwheel
filelock==3.16.1
    # via cibuildwheel
importlib-metadata==8.5.0
    # via
    #   -r requirements/kit.in
    #   build
packaging==24.2
    # via
    #   auditwheel
    #   build
    #   cibuildwheel
    #   dependency-groups
platformdirs==4.3.6
    # via cibuildwheel
pyelftools==0.31
    # via auditwheel
pyproject-hooks==1.2.0
    # via build
tomli==2.2.1
    # via
    #   build
    #   cibuildwheel
    #   dependency-groups
typing-extensions==4.12.2
    # via cibuildwheel
zipp==3.21.0
    # via importlib-metadata
