version = 1
revision = 1
requires-python = ">=3.10"

[[package]]
name = "chardet"
version = "5.2.0"
source = { registry = "https://mirrors.nju.edu.cn/pypi/web/simple" }
sdist = { url = "https://mirrors.nju.edu.cn/pypi/web/packages/f3/0d/f7b6ab21ec75897ed80c17d79b15951a719226b9fababf1e40ea74d69079/chardet-5.2.0.tar.gz", hash = "sha256:1b3b6ff479a8c414bc3fa2c0852995695c4a026dcd6d0633b2dd092ca39c1cf7" }
wheels = [
    { url = "https://mirrors.nju.edu.cn/pypi/web/packages/38/6f/f5fbc992a329ee4e0f288c1fe0e2ad9485ed064cac731ed2fe47dcc38cbf/chardet-5.2.0-py3-none-any.whl", hash = "sha256:e1cf59446890a00105fe7b7912492ea04b6e6f06d4b742b2c788469e34c82970" },
]

[[package]]
name = "pypinyin"
version = "0.54.0"
source = { registry = "https://mirrors.nju.edu.cn/pypi/web/simple" }
sdist = { url = "https://mirrors.nju.edu.cn/pypi/web/packages/c9/7f/81cb5416ddacfeccca8eeedcd3543a72b093b26d9c4ca7bde8beea733e4e/pypinyin-0.54.0.tar.gz", hash = "sha256:9ab0d07ff51d191529e22134a60e109d0526d80b7a80afa73da4c89521610958" }
wheels = [
    { url = "https://mirrors.nju.edu.cn/pypi/web/packages/b6/ec/2c04ac863e7a85bb68b0b655cec2f19853d51d305ce3d785848db6037b8d/pypinyin-0.54.0-py2.py3-none-any.whl", hash = "sha256:5f776f19b9fd922e4121a114810b22048d90e6e8037fb1c07f4c40f987ae6e7a" },
]

[[package]]
name = "rimecard"
version = "0.1.0"
source = { editable = "." }
dependencies = [
    { name = "chardet" },
    { name = "pypinyin" },
]

[package.metadata]
requires-dist = [
    { name = "chardet", specifier = ">=5.2.0" },
    { name = "pypinyin", specifier = ">=0.54.0" },
]
